// !$*UTF8*$!
{
	archiveVersion = 1;
	classes = {
	};
	objectVersion = 46;
	objects = {

/* Begin PBXBuildFile section */
		81A64197B6664BB085F9E31D /* libPods-basic-museum-iosTests.a in Frameworks */ = {isa = PBXBuildFile; fileRef = 28CF96DC398949598B10C94A /* libPods-basic-museum-iosTests.a */; };
		9B1DC1451940AEAB00D58A69 /* Foundation.framework in Frameworks */ = {isa = PBXBuildFile; fileRef = 9B1DC1441940AEAB00D58A69 /* Foundation.framework */; };
		9B1DC1471940AEAB00D58A69 /* CoreGraphics.framework in Frameworks */ = {isa = PBXBuildFile; fileRef = 9B1DC1461940AEAB00D58A69 /* CoreGraphics.framework */; };
		9B1DC1491940AEAB00D58A69 /* UIKit.framework in Frameworks */ = {isa = PBXBuildFile; fileRef = 9B1DC1481940AEAB00D58A69 /* UIKit.framework */; };
		9B1DC14F1940AEAB00D58A69 /* InfoPlist.strings in Resources */ = {isa = PBXBuildFile; fileRef = 9B1DC14D1940AEAB00D58A69 /* InfoPlist.strings */; };
		9B1DC1511940AEAB00D58A69 /* main.m in Sources */ = {isa = PBXBuildFile; fileRef = 9B1DC1501940AEAB00D58A69 /* main.m */; };
		9B1DC1551940AEAB00D58A69 /* AppDelegate.m in Sources */ = {isa = PBXBuildFile; fileRef = 9B1DC1541940AEAB00D58A69 /* AppDelegate.m */; };
		9B1DC1581940AEAB00D58A69 /* Main_iPhone.storyboard in Resources */ = {isa = PBXBuildFile; fileRef = 9B1DC1561940AEAB00D58A69 /* Main_iPhone.storyboard */; };
		9B1DC15B1940AEAB00D58A69 /* Main_iPad.storyboard in Resources */ = {isa = PBXBuildFile; fileRef = 9B1DC1591940AEAB00D58A69 /* Main_iPad.storyboard */; };
		9B1DC15E1940AEAB00D58A69 /* LandingViewController.m in Sources */ = {isa = PBXBuildFile; fileRef = 9B1DC15D1940AEAB00D58A69 /* LandingViewController.m */; };
		9B1DC1601940AEAB00D58A69 /* Images.xcassets in Resources */ = {isa = PBXBuildFile; fileRef = 9B1DC15F1940AEAB00D58A69 /* Images.xcassets */; };
		9B1DC1671940AEAB00D58A69 /* XCTest.framework in Frameworks */ = {isa = PBXBuildFile; fileRef = 9B1DC1661940AEAB00D58A69 /* XCTest.framework */; };
		9B1DC1681940AEAB00D58A69 /* Foundation.framework in Frameworks */ = {isa = PBXBuildFile; fileRef = 9B1DC1441940AEAB00D58A69 /* Foundation.framework */; };
		9B1DC1691940AEAB00D58A69 /* UIKit.framework in Frameworks */ = {isa = PBXBuildFile; fileRef = 9B1DC1481940AEAB00D58A69 /* UIKit.framework */; };
		9B1DC1711940AEAC00D58A69 /* InfoPlist.strings in Resources */ = {isa = PBXBuildFile; fileRef = 9B1DC16F1940AEAC00D58A69 /* InfoPlist.strings */; };
		9B1DC1731940AEAC00D58A69 /* basic_museum_iosTests.m in Sources */ = {isa = PBXBuildFile; fileRef = 9B1DC1721940AEAC00D58A69 /* basic_museum_iosTests.m */; };
		9B46E164194B723C0041D9A6 /* Lufthouse.JSON in Resources */ = {isa = PBXBuildFile; fileRef = 9B46E161194B643E0041D9A6 /* Lufthouse.JSON */; };
		9B72C1F71950B74A004C3617 /* LufthouseTour.m in Sources */ = {isa = PBXBuildFile; fileRef = 9B72C1F61950B74A004C3617 /* LufthouseTour.m */; };
		9B72C1FA1950C00F004C3617 /* LufthouseCustomer.m in Sources */ = {isa = PBXBuildFile; fileRef = 9B72C1F91950C00F004C3617 /* LufthouseCustomer.m */; };
		9B8795681958C52D000ACA97 /* testImage.jpg in Resources */ = {isa = PBXBuildFile; fileRef = 9B8795671958C52D000ACA97 /* testImage.jpg */; };
		9B87956C1959BC17000ACA97 /* README.md in Resources */ = {isa = PBXBuildFile; fileRef = 9B87956B1959BC17000ACA97 /* README.md */; };
		9B8795731959CA44000ACA97 /* landing2xiPhone.png in Resources */ = {isa = PBXBuildFile; fileRef = 9B8795711959CA44000ACA97 /* landing2xiPhone.png */; };
		9B8795741959CA44000ACA97 /* landingR4iPhone.png in Resources */ = {isa = PBXBuildFile; fileRef = 9B8795721959CA44000ACA97 /* landingR4iPhone.png */; };
		9B9EFA7B1941FEF100F27337 /* CoreBluetooth.framework in Frameworks */ = {isa = PBXBuildFile; fileRef = 9B9EFA7A1941FEF100F27337 /* CoreBluetooth.framework */; };
		9B9EFA7D1941FEFE00F27337 /* CoreLocation.framework in Frameworks */ = {isa = PBXBuildFile; fileRef = 9B9EFA7C1941FEFE00F27337 /* CoreLocation.framework */; };
		9B9EFA861941FF3000F27337 /* libEstimoteSDK.a in Frameworks */ = {isa = PBXBuildFile; fileRef = 9B9EFA851941FF3000F27337 /* libEstimoteSDK.a */; };
		9B9EFA88194200FC00F27337 /* SystemConfiguration.framework in Frameworks */ = {isa = PBXBuildFile; fileRef = 9B9EFA87194200FC00F27337 /* SystemConfiguration.framework */; };
		9B9EFA8A1942010A00F27337 /* Security.framework in Frameworks */ = {isa = PBXBuildFile; fileRef = 9B9EFA891942010A00F27337 /* Security.framework */; };
		9B9EFA8C1942011400F27337 /* CFNetwork.framework in Frameworks */ = {isa = PBXBuildFile; fileRef = 9B9EFA8B1942011400F27337 /* CFNetwork.framework */; };
		9B9EFA8E19424BCB00F27337 /* lufthouselogo.png in Resources */ = {isa = PBXBuildFile; fileRef = 9B9EFA8D19424BCB00F27337 /* lufthouselogo.png */; };
		9BB54975195473A300EBA968 /* app_logo.jpg in Resources */ = {isa = PBXBuildFile; fileRef = 9BB54974195473A300EBA968 /* app_logo.jpg */; };
		9BB54977195476B200EBA968 /* AVFoundation.framework in Frameworks */ = {isa = PBXBuildFile; fileRef = 9BB54976195476B200EBA968 /* AVFoundation.framework */; };
		9BB549801954949C00EBA968 /* icon.png in Resources */ = {isa = PBXBuildFile; fileRef = 9BB5497E1954949C00EBA968 /* icon.png */; };
		9BB549811954949C00EBA968 /* retinaIcon.png in Resources */ = {isa = PBXBuildFile; fileRef = 9BB5497F1954949C00EBA968 /* retinaIcon.png */; };
		9BB549831954981E00EBA968 /* spotlightIcon.png in Resources */ = {isa = PBXBuildFile; fileRef = 9BB549821954981E00EBA968 /* spotlightIcon.png */; };
		9BB549851954AEF400EBA968 /* landingImage.png in Resources */ = {isa = PBXBuildFile; fileRef = 9BB549841954AEF400EBA968 /* landingImage.png */; };
		9BB549871954B11800EBA968 /* SongTitle.mp3 in Resources */ = {isa = PBXBuildFile; fileRef = 9BB549861954B11800EBA968 /* SongTitle.mp3 */; };
		9BC27963195C995000438AF0 /* GalleryViewController.m in Sources */ = {isa = PBXBuildFile; fileRef = 9BC27962195C995000438AF0 /* GalleryViewController.m */; };
		9BC27965195C9DDD00438AF0 /* AssetsLibrary.framework in Frameworks */ = {isa = PBXBuildFile; fileRef = 9BC27964195C9DDD00438AF0 /* AssetsLibrary.framework */; };
		CA5594FA929148ECA19083C3 /* libPods-basic-museum-ios.a in Frameworks */ = {isa = PBXBuildFile; fileRef = 32EE58DD597F467582E773D2 /* libPods-basic-museum-ios.a */; };
/* End PBXBuildFile section */

/* Begin PBXContainerItemProxy section */
		9B1DC16A1940AEAB00D58A69 /* PBXContainerItemProxy */ = {
			isa = PBXContainerItemProxy;
			containerPortal = 9B1DC1391940AEAB00D58A69 /* Project object */;
			proxyType = 1;
			remoteGlobalIDString = 9B1DC1401940AEAB00D58A69;
			remoteInfo = "basic-museum-ios";
		};
/* End PBXContainerItemProxy section */

/* Begin PBXFileReference section */
		28CF96DC398949598B10C94A /* libPods-basic-museum-iosTests.a */ = {isa = PBXFileReference; explicitFileType = archive.ar; includeInIndex = 0; path = "libPods-basic-museum-iosTests.a"; sourceTree = BUILT_PRODUCTS_DIR; };
		32EE58DD597F467582E773D2 /* libPods-basic-museum-ios.a */ = {isa = PBXFileReference; explicitFileType = archive.ar; includeInIndex = 0; path = "libPods-basic-museum-ios.a"; sourceTree = BUILT_PRODUCTS_DIR; };
		9B1DC1411940AEAB00D58A69 /* Lufthouse.app */ = {isa = PBXFileReference; explicitFileType = wrapper.application; includeInIndex = 0; path = Lufthouse.app; sourceTree = BUILT_PRODUCTS_DIR; };
		9B1DC1441940AEAB00D58A69 /* Foundation.framework */ = {isa = PBXFileReference; lastKnownFileType = wrapper.framework; name = Foundation.framework; path = System/Library/Frameworks/Foundation.framework; sourceTree = SDKROOT; };
		9B1DC1461940AEAB00D58A69 /* CoreGraphics.framework */ = {isa = PBXFileReference; lastKnownFileType = wrapper.framework; name = CoreGraphics.framework; path = System/Library/Frameworks/CoreGraphics.framework; sourceTree = SDKROOT; };
		9B1DC1481940AEAB00D58A69 /* UIKit.framework */ = {isa = PBXFileReference; lastKnownFileType = wrapper.framework; name = UIKit.framework; path = System/Library/Frameworks/UIKit.framework; sourceTree = SDKROOT; };
		9B1DC14C1940AEAB00D58A69 /* basic-museum-ios-Info.plist */ = {isa = PBXFileReference; lastKnownFileType = text.plist.xml; path = "basic-museum-ios-Info.plist"; sourceTree = "<group>"; };
		9B1DC14E1940AEAB00D58A69 /* en */ = {isa = PBXFileReference; lastKnownFileType = text.plist.strings; name = en; path = en.lproj/InfoPlist.strings; sourceTree = "<group>"; };
		9B1DC1501940AEAB00D58A69 /* main.m */ = {isa = PBXFileReference; lastKnownFileType = sourcecode.c.objc; path = main.m; sourceTree = "<group>"; };
		9B1DC1521940AEAB00D58A69 /* basic-museum-ios-Prefix.pch */ = {isa = PBXFileReference; lastKnownFileType = sourcecode.c.h; path = "basic-museum-ios-Prefix.pch"; sourceTree = "<group>"; };
		9B1DC1531940AEAB00D58A69 /* AppDelegate.h */ = {isa = PBXFileReference; lastKnownFileType = sourcecode.c.h; path = AppDelegate.h; sourceTree = "<group>"; };
		9B1DC1541940AEAB00D58A69 /* AppDelegate.m */ = {isa = PBXFileReference; lastKnownFileType = sourcecode.c.objc; path = AppDelegate.m; sourceTree = "<group>"; };
		9B1DC1571940AEAB00D58A69 /* Base */ = {isa = PBXFileReference; lastKnownFileType = file.storyboard; name = Base; path = Base.lproj/Main_iPhone.storyboard; sourceTree = "<group>"; };
		9B1DC15A1940AEAB00D58A69 /* Base */ = {isa = PBXFileReference; lastKnownFileType = file.storyboard; name = Base; path = Base.lproj/Main_iPad.storyboard; sourceTree = "<group>"; };
		9B1DC15C1940AEAB00D58A69 /* LandingViewController.h */ = {isa = PBXFileReference; lastKnownFileType = sourcecode.c.h; path = LandingViewController.h; sourceTree = "<group>"; };
		9B1DC15D1940AEAB00D58A69 /* LandingViewController.m */ = {isa = PBXFileReference; lastKnownFileType = sourcecode.c.objc; path = LandingViewController.m; sourceTree = "<group>"; };
		9B1DC15F1940AEAB00D58A69 /* Images.xcassets */ = {isa = PBXFileReference; lastKnownFileType = folder.assetcatalog; path = Images.xcassets; sourceTree = "<group>"; };
		9B1DC1651940AEAB00D58A69 /* basic-museum-iosTests.xctest */ = {isa = PBXFileReference; explicitFileType = wrapper.cfbundle; includeInIndex = 0; path = "basic-museum-iosTests.xctest"; sourceTree = BUILT_PRODUCTS_DIR; };
		9B1DC1661940AEAB00D58A69 /* XCTest.framework */ = {isa = PBXFileReference; lastKnownFileType = wrapper.framework; name = XCTest.framework; path = Library/Frameworks/XCTest.framework; sourceTree = DEVELOPER_DIR; };
		9B1DC16E1940AEAC00D58A69 /* basic-museum-iosTests-Info.plist */ = {isa = PBXFileReference; lastKnownFileType = text.plist.xml; path = "basic-museum-iosTests-Info.plist"; sourceTree = "<group>"; };
		9B1DC1701940AEAC00D58A69 /* en */ = {isa = PBXFileReference; lastKnownFileType = text.plist.strings; name = en; path = en.lproj/InfoPlist.strings; sourceTree = "<group>"; };
		9B1DC1721940AEAC00D58A69 /* basic_museum_iosTests.m */ = {isa = PBXFileReference; lastKnownFileType = sourcecode.c.objc; path = basic_museum_iosTests.m; sourceTree = "<group>"; };
		9B46E161194B643E0041D9A6 /* Lufthouse.JSON */ = {isa = PBXFileReference; explicitFileType = text.json; fileEncoding = 4; path = Lufthouse.JSON; sourceTree = "<group>"; };
		9B72C1F51950B74A004C3617 /* LufthouseTour.h */ = {isa = PBXFileReference; fileEncoding = 4; lastKnownFileType = sourcecode.c.h; path = LufthouseTour.h; sourceTree = "<group>"; };
		9B72C1F61950B74A004C3617 /* LufthouseTour.m */ = {isa = PBXFileReference; fileEncoding = 4; lastKnownFileType = sourcecode.c.objc; path = LufthouseTour.m; sourceTree = "<group>"; };
		9B72C1F81950C00F004C3617 /* LufthouseCustomer.h */ = {isa = PBXFileReference; fileEncoding = 4; lastKnownFileType = sourcecode.c.h; path = LufthouseCustomer.h; sourceTree = "<group>"; };
		9B72C1F91950C00F004C3617 /* LufthouseCustomer.m */ = {isa = PBXFileReference; fileEncoding = 4; lastKnownFileType = sourcecode.c.objc; path = LufthouseCustomer.m; sourceTree = "<group>"; };
		9B8795671958C52D000ACA97 /* testImage.jpg */ = {isa = PBXFileReference; lastKnownFileType = image.jpeg; path = testImage.jpg; sourceTree = "<group>"; };
		9B87956B1959BC17000ACA97 /* README.md */ = {isa = PBXFileReference; fileEncoding = 4; indentWidth = 4; lastKnownFileType = text; path = README.md; sourceTree = "<group>"; tabWidth = 4; usesTabs = 0; };
		9B8795711959CA44000ACA97 /* landing2xiPhone.png */ = {isa = PBXFileReference; lastKnownFileType = image.png; path = landing2xiPhone.png; sourceTree = "<group>"; };
		9B8795721959CA44000ACA97 /* landingR4iPhone.png */ = {isa = PBXFileReference; lastKnownFileType = image.png; path = landingR4iPhone.png; sourceTree = "<group>"; };
		9B9EFA7A1941FEF100F27337 /* CoreBluetooth.framework */ = {isa = PBXFileReference; lastKnownFileType = wrapper.framework; name = CoreBluetooth.framework; path = System/Library/Frameworks/CoreBluetooth.framework; sourceTree = SDKROOT; };
		9B9EFA7C1941FEFE00F27337 /* CoreLocation.framework */ = {isa = PBXFileReference; lastKnownFileType = wrapper.framework; name = CoreLocation.framework; path = System/Library/Frameworks/CoreLocation.framework; sourceTree = SDKROOT; };
		9B9EFA801941FF3000F27337 /* ESTBeacon.h */ = {isa = PBXFileReference; fileEncoding = 4; lastKnownFileType = sourcecode.c.h; path = ESTBeacon.h; sourceTree = "<group>"; };
		9B9EFA811941FF3000F27337 /* ESTBeaconDefinitions.h */ = {isa = PBXFileReference; fileEncoding = 4; lastKnownFileType = sourcecode.c.h; path = ESTBeaconDefinitions.h; sourceTree = "<group>"; };
		9B9EFA821941FF3000F27337 /* ESTBeaconManager.h */ = {isa = PBXFileReference; fileEncoding = 4; lastKnownFileType = sourcecode.c.h; path = ESTBeaconManager.h; sourceTree = "<group>"; };
		9B9EFA831941FF3000F27337 /* ESTBeaconRegion.h */ = {isa = PBXFileReference; fileEncoding = 4; lastKnownFileType = sourcecode.c.h; path = ESTBeaconRegion.h; sourceTree = "<group>"; };
		9B9EFA841941FF3000F27337 /* ESTBeaconUpdateInfo.h */ = {isa = PBXFileReference; fileEncoding = 4; lastKnownFileType = sourcecode.c.h; path = ESTBeaconUpdateInfo.h; sourceTree = "<group>"; };
		9B9EFA851941FF3000F27337 /* libEstimoteSDK.a */ = {isa = PBXFileReference; lastKnownFileType = archive.ar; path = libEstimoteSDK.a; sourceTree = "<group>"; };
		9B9EFA87194200FC00F27337 /* SystemConfiguration.framework */ = {isa = PBXFileReference; lastKnownFileType = wrapper.framework; name = SystemConfiguration.framework; path = System/Library/Frameworks/SystemConfiguration.framework; sourceTree = SDKROOT; };
		9B9EFA891942010A00F27337 /* Security.framework */ = {isa = PBXFileReference; lastKnownFileType = wrapper.framework; name = Security.framework; path = System/Library/Frameworks/Security.framework; sourceTree = SDKROOT; };
		9B9EFA8B1942011400F27337 /* CFNetwork.framework */ = {isa = PBXFileReference; lastKnownFileType = wrapper.framework; name = CFNetwork.framework; path = System/Library/Frameworks/CFNetwork.framework; sourceTree = SDKROOT; };
		9B9EFA8D19424BCB00F27337 /* lufthouselogo.png */ = {isa = PBXFileReference; lastKnownFileType = image.png; path = lufthouselogo.png; sourceTree = "<group>"; };
		9BB54974195473A300EBA968 /* app_logo.jpg */ = {isa = PBXFileReference; lastKnownFileType = image.jpeg; path = app_logo.jpg; sourceTree = "<group>"; };
		9BB54976195476B200EBA968 /* AVFoundation.framework */ = {isa = PBXFileReference; lastKnownFileType = wrapper.framework; name = AVFoundation.framework; path = System/Library/Frameworks/AVFoundation.framework; sourceTree = SDKROOT; };
		9BB5497E1954949C00EBA968 /* icon.png */ = {isa = PBXFileReference; lastKnownFileType = image.png; path = icon.png; sourceTree = "<group>"; };
		9BB5497F1954949C00EBA968 /* retinaIcon.png */ = {isa = PBXFileReference; lastKnownFileType = image.png; path = retinaIcon.png; sourceTree = "<group>"; };
		9BB549821954981E00EBA968 /* spotlightIcon.png */ = {isa = PBXFileReference; lastKnownFileType = image.png; path = spotlightIcon.png; sourceTree = "<group>"; };
		9BB549841954AEF400EBA968 /* landingImage.png */ = {isa = PBXFileReference; lastKnownFileType = image.png; path = landingImage.png; sourceTree = "<group>"; };
		9BB549861954B11800EBA968 /* SongTitle.mp3 */ = {isa = PBXFileReference; lastKnownFileType = audio.mp3; path = SongTitle.mp3; sourceTree = "<group>"; };
		9BC27961195C995000438AF0 /* GalleryViewController.h */ = {isa = PBXFileReference; fileEncoding = 4; lastKnownFileType = sourcecode.c.h; path = GalleryViewController.h; sourceTree = "<group>"; };
		9BC27962195C995000438AF0 /* GalleryViewController.m */ = {isa = PBXFileReference; fileEncoding = 4; lastKnownFileType = sourcecode.c.objc; path = GalleryViewController.m; sourceTree = "<group>"; };
		9BC27964195C9DDD00438AF0 /* AssetsLibrary.framework */ = {isa = PBXFileReference; lastKnownFileType = wrapper.framework; name = AssetsLibrary.framework; path = System/Library/Frameworks/AssetsLibrary.framework; sourceTree = SDKROOT; };
		B55F448E64BC4EC99CC1537A /* Pods-basic-museum-iosTests.xcconfig */ = {isa = PBXFileReference; includeInIndex = 1; lastKnownFileType = text.xcconfig; name = "Pods-basic-museum-iosTests.xcconfig"; path = "Pods/Pods-basic-museum-iosTests.xcconfig"; sourceTree = "<group>"; };
		E3E165C6AC8143ABB4B7251C /* Pods-basic-museum-ios.xcconfig */ = {isa = PBXFileReference; includeInIndex = 1; lastKnownFileType = text.xcconfig; name = "Pods-basic-museum-ios.xcconfig"; path = "Pods/Pods-basic-museum-ios.xcconfig"; sourceTree = "<group>"; };
/* End PBXFileReference section */

/* Begin PBXFrameworksBuildPhase section */
		9B1DC13E1940AEAB00D58A69 /* Frameworks */ = {
			isa = PBXFrameworksBuildPhase;
			buildActionMask = 2147483647;
			files = (
				9BC27965195C9DDD00438AF0 /* AssetsLibrary.framework in Frameworks */,
				9BB54977195476B200EBA968 /* AVFoundation.framework in Frameworks */,
				9B9EFA8C1942011400F27337 /* CFNetwork.framework in Frameworks */,
				9B9EFA8A1942010A00F27337 /* Security.framework in Frameworks */,
				9B9EFA88194200FC00F27337 /* SystemConfiguration.framework in Frameworks */,
				9B9EFA861941FF3000F27337 /* libEstimoteSDK.a in Frameworks */,
				9B9EFA7D1941FEFE00F27337 /* CoreLocation.framework in Frameworks */,
				9B9EFA7B1941FEF100F27337 /* CoreBluetooth.framework in Frameworks */,
				9B1DC1471940AEAB00D58A69 /* CoreGraphics.framework in Frameworks */,
				9B1DC1491940AEAB00D58A69 /* UIKit.framework in Frameworks */,
				9B1DC1451940AEAB00D58A69 /* Foundation.framework in Frameworks */,
				CA5594FA929148ECA19083C3 /* libPods-basic-museum-ios.a in Frameworks */,
			);
			runOnlyForDeploymentPostprocessing = 0;
		};
		9B1DC1621940AEAB00D58A69 /* Frameworks */ = {
			isa = PBXFrameworksBuildPhase;
			buildActionMask = 2147483647;
			files = (
				9B1DC1671940AEAB00D58A69 /* XCTest.framework in Frameworks */,
				9B1DC1691940AEAB00D58A69 /* UIKit.framework in Frameworks */,
				9B1DC1681940AEAB00D58A69 /* Foundation.framework in Frameworks */,
				81A64197B6664BB085F9E31D /* libPods-basic-museum-iosTests.a in Frameworks */,
			);
			runOnlyForDeploymentPostprocessing = 0;
		};
/* End PBXFrameworksBuildPhase section */

/* Begin PBXGroup section */
		9B1DC1381940AEAB00D58A69 = {
			isa = PBXGroup;
			children = (
				9B46E163194B70E90041D9A6 /* Resources */,
				9B1DC14A1940AEAB00D58A69 /* basic-museum-ios */,
				9B1DC16C1940AEAC00D58A69 /* basic-museum-iosTests */,
				9B1DC1431940AEAB00D58A69 /* Frameworks */,
				9B1DC1421940AEAB00D58A69 /* Products */,
				9B9EFA7E1941FF3000F27337 /* EstimoteSDK */,
				E3E165C6AC8143ABB4B7251C /* Pods-basic-museum-ios.xcconfig */,
				B55F448E64BC4EC99CC1537A /* Pods-basic-museum-iosTests.xcconfig */,
			);
			sourceTree = "<group>";
		};
		9B1DC1421940AEAB00D58A69 /* Products */ = {
			isa = PBXGroup;
			children = (
				9B1DC1411940AEAB00D58A69 /* Lufthouse.app */,
				9B1DC1651940AEAB00D58A69 /* basic-museum-iosTests.xctest */,
			);
			name = Products;
			sourceTree = "<group>";
		};
		9B1DC1431940AEAB00D58A69 /* Frameworks */ = {
			isa = PBXGroup;
			children = (
				9BC27964195C9DDD00438AF0 /* AssetsLibrary.framework */,
				9BB54976195476B200EBA968 /* AVFoundation.framework */,
				9B9EFA8B1942011400F27337 /* CFNetwork.framework */,
				9B9EFA891942010A00F27337 /* Security.framework */,
				9B9EFA87194200FC00F27337 /* SystemConfiguration.framework */,
				9B9EFA7C1941FEFE00F27337 /* CoreLocation.framework */,
				9B9EFA7A1941FEF100F27337 /* CoreBluetooth.framework */,
				9B1DC1441940AEAB00D58A69 /* Foundation.framework */,
				9B1DC1461940AEAB00D58A69 /* CoreGraphics.framework */,
				9B1DC1481940AEAB00D58A69 /* UIKit.framework */,
				9B1DC1661940AEAB00D58A69 /* XCTest.framework */,
				32EE58DD597F467582E773D2 /* libPods-basic-museum-ios.a */,
				28CF96DC398949598B10C94A /* libPods-basic-museum-iosTests.a */,
			);
			name = Frameworks;
			sourceTree = "<group>";
		};
		9B1DC14A1940AEAB00D58A69 /* basic-museum-ios */ = {
			isa = PBXGroup;
			children = (
				9B1DC1531940AEAB00D58A69 /* AppDelegate.h */,
				9B1DC1541940AEAB00D58A69 /* AppDelegate.m */,
				9B1DC1561940AEAB00D58A69 /* Main_iPhone.storyboard */,
				9B1DC1591940AEAB00D58A69 /* Main_iPad.storyboard */,
				9BC27961195C995000438AF0 /* GalleryViewController.h */,
				9BC27962195C995000438AF0 /* GalleryViewController.m */,
				9B1DC15C1940AEAB00D58A69 /* LandingViewController.h */,
				9B1DC15D1940AEAB00D58A69 /* LandingViewController.m */,
				9B1DC15F1940AEAB00D58A69 /* Images.xcassets */,
				9B1DC14B1940AEAB00D58A69 /* Supporting Files */,
			);
			path = "basic-museum-ios";
			sourceTree = "<group>";
		};
		9B1DC14B1940AEAB00D58A69 /* Supporting Files */ = {
			isa = PBXGroup;
			children = (
				9B72C1F51950B74A004C3617 /* LufthouseTour.h */,
				9B72C1F61950B74A004C3617 /* LufthouseTour.m */,
				9B72C1F81950C00F004C3617 /* LufthouseCustomer.h */,
				9B72C1F91950C00F004C3617 /* LufthouseCustomer.m */,
				9B1DC14C1940AEAB00D58A69 /* basic-museum-ios-Info.plist */,
				9B1DC14D1940AEAB00D58A69 /* InfoPlist.strings */,
				9B1DC1501940AEAB00D58A69 /* main.m */,
				9B1DC1521940AEAB00D58A69 /* basic-museum-ios-Prefix.pch */,
			);
			name = "Supporting Files";
			sourceTree = "<group>";
		};
		9B1DC16C1940AEAC00D58A69 /* basic-museum-iosTests */ = {
			isa = PBXGroup;
			children = (
				9B1DC1721940AEAC00D58A69 /* basic_museum_iosTests.m */,
				9B1DC16D1940AEAC00D58A69 /* Supporting Files */,
			);
			path = "basic-museum-iosTests";
			sourceTree = "<group>";
		};
		9B1DC16D1940AEAC00D58A69 /* Supporting Files */ = {
			isa = PBXGroup;
			children = (
				9B1DC16E1940AEAC00D58A69 /* basic-museum-iosTests-Info.plist */,
				9B1DC16F1940AEAC00D58A69 /* InfoPlist.strings */,
			);
			name = "Supporting Files";
			sourceTree = "<group>";
		};
		9B46E163194B70E90041D9A6 /* Resources */ = {
			isa = PBXGroup;
			children = (
				9B8795711959CA44000ACA97 /* landing2xiPhone.png */,
				9B8795721959CA44000ACA97 /* landingR4iPhone.png */,
				9B8795671958C52D000ACA97 /* testImage.jpg */,
				9BB5497E1954949C00EBA968 /* icon.png */,
				9BB549841954AEF400EBA968 /* landingImage.png */,
				9BB549821954981E00EBA968 /* spotlightIcon.png */,
				9BB5497F1954949C00EBA968 /* retinaIcon.png */,
				9BB54974195473A300EBA968 /* app_logo.jpg */,
				9B46E161194B643E0041D9A6 /* Lufthouse.JSON */,
				9B87956B1959BC17000ACA97 /* README.md */,
				9BB549861954B11800EBA968 /* SongTitle.mp3 */,
				9B9EFA8D19424BCB00F27337 /* lufthouselogo.png */,
			);
			name = Resources;
			sourceTree = "<group>";
		};
		9B9EFA7E1941FF3000F27337 /* EstimoteSDK */ = {
			isa = PBXGroup;
			children = (
				9B9EFA7F1941FF3000F27337 /* Headers */,
				9B9EFA851941FF3000F27337 /* libEstimoteSDK.a */,
			);
			path = EstimoteSDK;
			sourceTree = "<group>";
		};
		9B9EFA7F1941FF3000F27337 /* Headers */ = {
			isa = PBXGroup;
			children = (
				9B9EFA801941FF3000F27337 /* ESTBeacon.h */,
				9B9EFA811941FF3000F27337 /* ESTBeaconDefinitions.h */,
				9B9EFA821941FF3000F27337 /* ESTBeaconManager.h */,
				9B9EFA831941FF3000F27337 /* ESTBeaconRegion.h */,
				9B9EFA841941FF3000F27337 /* ESTBeaconUpdateInfo.h */,
			);
			path = Headers;
			sourceTree = "<group>";
		};
/* End PBXGroup section */

/* Begin PBXNativeTarget section */
		9B1DC1401940AEAB00D58A69 /* basic-museum-ios */ = {
			isa = PBXNativeTarget;
			buildConfigurationList = 9B1DC1761940AEAC00D58A69 /* Build configuration list for PBXNativeTarget "basic-museum-ios" */;
			buildPhases = (
				3B48C3F143E442B78EB460AF /* Check Pods Manifest.lock */,
				9B1DC13D1940AEAB00D58A69 /* Sources */,
				9B1DC13E1940AEAB00D58A69 /* Frameworks */,
				9B1DC13F1940AEAB00D58A69 /* Resources */,
				38E2DA6F0AFD4513B68B7949 /* Copy Pods Resources */,
			);
			buildRules = (
			);
			dependencies = (
			);
			name = "basic-museum-ios";
			productName = "basic-museum-ios";
			productReference = 9B1DC1411940AEAB00D58A69 /* Lufthouse.app */;
			productType = "com.apple.product-type.application";
		};
		9B1DC1641940AEAB00D58A69 /* basic-museum-iosTests */ = {
			isa = PBXNativeTarget;
			buildConfigurationList = 9B1DC1791940AEAC00D58A69 /* Build configuration list for PBXNativeTarget "basic-museum-iosTests" */;
			buildPhases = (
				4D4C794C5FFF4B6DB6902353 /* Check Pods Manifest.lock */,
				9B1DC1611940AEAB00D58A69 /* Sources */,
				9B1DC1621940AEAB00D58A69 /* Frameworks */,
				9B1DC1631940AEAB00D58A69 /* Resources */,
				D2B2E41AC1F045298CC33EEC /* Copy Pods Resources */,
			);
			buildRules = (
			);
			dependencies = (
				9B1DC16B1940AEAB00D58A69 /* PBXTargetDependency */,
			);
			name = "basic-museum-iosTests";
			productName = "basic-museum-iosTests";
			productReference = 9B1DC1651940AEAB00D58A69 /* basic-museum-iosTests.xctest */;
			productType = "com.apple.product-type.bundle.unit-test";
		};
/* End PBXNativeTarget section */

/* Begin PBXProject section */
		9B1DC1391940AEAB00D58A69 /* Project object */ = {
			isa = PBXProject;
			attributes = {
				LastUpgradeCheck = 0510;
				ORGANIZATIONNAME = Lufthouse;
				TargetAttributes = {
					9B1DC1401940AEAB00D58A69 = {
						DevelopmentTeam = 892LRG96JN;
					};
					9B1DC1641940AEAB00D58A69 = {
						TestTargetID = 9B1DC1401940AEAB00D58A69;
					};
				};
			};
			buildConfigurationList = 9B1DC13C1940AEAB00D58A69 /* Build configuration list for PBXProject "basic-museum-ios" */;
			compatibilityVersion = "Xcode 3.2";
			developmentRegion = English;
			hasScannedForEncodings = 0;
			knownRegions = (
				en,
				Base,
			);
			mainGroup = 9B1DC1381940AEAB00D58A69;
			productRefGroup = 9B1DC1421940AEAB00D58A69 /* Products */;
			projectDirPath = "";
			projectRoot = "";
			targets = (
				9B1DC1401940AEAB00D58A69 /* basic-museum-ios */,
				9B1DC1641940AEAB00D58A69 /* basic-museum-iosTests */,
			);
		};
/* End PBXProject section */

/* Begin PBXResourcesBuildPhase section */
		9B1DC13F1940AEAB00D58A69 /* Resources */ = {
			isa = PBXResourcesBuildPhase;
			buildActionMask = 2147483647;
			files = (
				9B8795731959CA44000ACA97 /* landing2xiPhone.png in Resources */,
				9B46E164194B723C0041D9A6 /* Lufthouse.JSON in Resources */,
				9B9EFA8E19424BCB00F27337 /* lufthouselogo.png in Resources */,
				9BB549801954949C00EBA968 /* icon.png in Resources */,
				9B1DC15B1940AEAB00D58A69 /* Main_iPad.storyboard in Resources */,
				9BB549871954B11800EBA968 /* SongTitle.mp3 in Resources */,
				9B1DC1601940AEAB00D58A69 /* Images.xcassets in Resources */,
				9B8795741959CA44000ACA97 /* landingR4iPhone.png in Resources */,
				9B1DC1581940AEAB00D58A69 /* Main_iPhone.storyboard in Resources */,
				9B8795681958C52D000ACA97 /* testImage.jpg in Resources */,
				9BB549851954AEF400EBA968 /* landingImage.png in Resources */,
				9B1DC14F1940AEAB00D58A69 /* InfoPlist.strings in Resources */,
				9BB549831954981E00EBA968 /* spotlightIcon.png in Resources */,
				9BB549811954949C00EBA968 /* retinaIcon.png in Resources */,
				9B87956C1959BC17000ACA97 /* README.md in Resources */,
				9BB54975195473A300EBA968 /* app_logo.jpg in Resources */,
			);
			runOnlyForDeploymentPostprocessing = 0;
		};
		9B1DC1631940AEAB00D58A69 /* Resources */ = {
			isa = PBXResourcesBuildPhase;
			buildActionMask = 2147483647;
			files = (
				9B1DC1711940AEAC00D58A69 /* InfoPlist.strings in Resources */,
			);
			runOnlyForDeploymentPostprocessing = 0;
		};
/* End PBXResourcesBuildPhase section */

/* Begin PBXShellScriptBuildPhase section */
		38E2DA6F0AFD4513B68B7949 /* Copy Pods Resources */ = {
			isa = PBXShellScriptBuildPhase;
			buildActionMask = 2147483647;
			files = (
			);
			inputPaths = (
			);
			name = "Copy Pods Resources";
			outputPaths = (
			);
			runOnlyForDeploymentPostprocessing = 0;
			shellPath = /bin/sh;
			shellScript = "\"${SRCROOT}/Pods/Pods-basic-museum-ios-resources.sh\"\n";
			showEnvVarsInLog = 0;
		};
		3B48C3F143E442B78EB460AF /* Check Pods Manifest.lock */ = {
			isa = PBXShellScriptBuildPhase;
			buildActionMask = 2147483647;
			files = (
			);
			inputPaths = (
			);
			name = "Check Pods Manifest.lock";
			outputPaths = (
			);
			runOnlyForDeploymentPostprocessing = 0;
			shellPath = /bin/sh;
			shellScript = "diff \"${PODS_ROOT}/../Podfile.lock\" \"${PODS_ROOT}/Manifest.lock\" > /dev/null\nif [[ $? != 0 ]] ; then\n    cat << EOM\nerror: The sandbox is not in sync with the Podfile.lock. Run 'pod install' or update your CocoaPods installation.\nEOM\n    exit 1\nfi\n";
			showEnvVarsInLog = 0;
		};
		4D4C794C5FFF4B6DB6902353 /* Check Pods Manifest.lock */ = {
			isa = PBXShellScriptBuildPhase;
			buildActionMask = 2147483647;
			files = (
			);
			inputPaths = (
			);
			name = "Check Pods Manifest.lock";
			outputPaths = (
			);
			runOnlyForDeploymentPostprocessing = 0;
			shellPath = /bin/sh;
			shellScript = "diff \"${PODS_ROOT}/../Podfile.lock\" \"${PODS_ROOT}/Manifest.lock\" > /dev/null\nif [[ $? != 0 ]] ; then\n    cat << EOM\nerror: The sandbox is not in sync with the Podfile.lock. Run 'pod install' or update your CocoaPods installation.\nEOM\n    exit 1\nfi\n";
			showEnvVarsInLog = 0;
		};
		D2B2E41AC1F045298CC33EEC /* Copy Pods Resources */ = {
			isa = PBXShellScriptBuildPhase;
			buildActionMask = 2147483647;
			files = (
			);
			inputPaths = (
			);
			name = "Copy Pods Resources";
			outputPaths = (
			);
			runOnlyForDeploymentPostprocessing = 0;
			shellPath = /bin/sh;
			shellScript = "\"${SRCROOT}/Pods/Pods-basic-museum-iosTests-resources.sh\"\n";
			showEnvVarsInLog = 0;
		};
/* End PBXShellScriptBuildPhase section */

/* Begin PBXSourcesBuildPhase section */
		9B1DC13D1940AEAB00D58A69 /* Sources */ = {
			isa = PBXSourcesBuildPhase;
			buildActionMask = 2147483647;
			files = (
				9B1DC15E1940AEAB00D58A69 /* LandingViewController.m in Sources */,
				9B1DC1551940AEAB00D58A69 /* AppDelegate.m in Sources */,
				9B72C1FA1950C00F004C3617 /* LufthouseCustomer.m in Sources */,
				9B1DC1511940AEAB00D58A69 /* main.m in Sources */,
				9B72C1F71950B74A004C3617 /* LufthouseTour.m in Sources */,
				9BC27963195C995000438AF0 /* GalleryViewController.m in Sources */,
			);
			runOnlyForDeploymentPostprocessing = 0;
		};
		9B1DC1611940AEAB00D58A69 /* Sources */ = {
			isa = PBXSourcesBuildPhase;
			buildActionMask = 2147483647;
			files = (
				9B1DC1731940AEAC00D58A69 /* basic_museum_iosTests.m in Sources */,
			);
			runOnlyForDeploymentPostprocessing = 0;
		};
/* End PBXSourcesBuildPhase section */

/* Begin PBXTargetDependency section */
		9B1DC16B1940AEAB00D58A69 /* PBXTargetDependency */ = {
			isa = PBXTargetDependency;
			target = 9B1DC1401940AEAB00D58A69 /* basic-museum-ios */;
			targetProxy = 9B1DC16A1940AEAB00D58A69 /* PBXContainerItemProxy */;
		};
/* End PBXTargetDependency section */

/* Begin PBXVariantGroup section */
		9B1DC14D1940AEAB00D58A69 /* InfoPlist.strings */ = {
			isa = PBXVariantGroup;
			children = (
				9B1DC14E1940AEAB00D58A69 /* en */,
			);
			name = InfoPlist.strings;
			sourceTree = "<group>";
		};
		9B1DC1561940AEAB00D58A69 /* Main_iPhone.storyboard */ = {
			isa = PBXVariantGroup;
			children = (
				9B1DC1571940AEAB00D58A69 /* Base */,
			);
			name = Main_iPhone.storyboard;
			sourceTree = "<group>";
		};
		9B1DC1591940AEAB00D58A69 /* Main_iPad.storyboard */ = {
			isa = PBXVariantGroup;
			children = (
				9B1DC15A1940AEAB00D58A69 /* Base */,
			);
			name = Main_iPad.storyboard;
			sourceTree = "<group>";
		};
		9B1DC16F1940AEAC00D58A69 /* InfoPlist.strings */ = {
			isa = PBXVariantGroup;
			children = (
				9B1DC1701940AEAC00D58A69 /* en */,
			);
			name = InfoPlist.strings;
			sourceTree = "<group>";
		};
/* End PBXVariantGroup section */

/* Begin XCBuildConfiguration section */
		9B1DC1741940AEAC00D58A69 /* Debug */ = {
			isa = XCBuildConfiguration;
			buildSettings = {
				ALWAYS_SEARCH_USER_PATHS = NO;
				CLANG_CXX_LANGUAGE_STANDARD = "gnu++0x";
				CLANG_CXX_LIBRARY = "libc++";
				CLANG_ENABLE_MODULES = YES;
				CLANG_ENABLE_OBJC_ARC = YES;
				CLANG_WARN_BOOL_CONVERSION = YES;
				CLANG_WARN_CONSTANT_CONVERSION = YES;
				CLANG_WARN_DIRECT_OBJC_ISA_USAGE = YES_ERROR;
				CLANG_WARN_EMPTY_BODY = YES;
				CLANG_WARN_ENUM_CONVERSION = YES;
				CLANG_WARN_INT_CONVERSION = YES;
				CLANG_WARN_OBJC_ROOT_CLASS = YES_ERROR;
				CLANG_WARN__DUPLICATE_METHOD_MATCH = YES;
				"CODE_SIGN_IDENTITY[sdk=iphoneos*]" = "iPhone Developer";
				COPY_PHASE_STRIP = NO;
				GCC_C_LANGUAGE_STANDARD = gnu99;
				GCC_DYNAMIC_NO_PIC = NO;
				GCC_OPTIMIZATION_LEVEL = 0;
				GCC_PREPROCESSOR_DEFINITIONS = (
					"DEBUG=1",
					"$(inherited)",
				);
				GCC_SYMBOLS_PRIVATE_EXTERN = NO;
				GCC_WARN_64_TO_32_BIT_CONVERSION = YES;
				GCC_WARN_ABOUT_RETURN_TYPE = YES_ERROR;
				GCC_WARN_UNDECLARED_SELECTOR = YES;
				GCC_WARN_UNINITIALIZED_AUTOS = YES_AGGRESSIVE;
				GCC_WARN_UNUSED_FUNCTION = YES;
				GCC_WARN_UNUSED_VARIABLE = YES;
				IPHONEOS_DEPLOYMENT_TARGET = 7.1;
				ONLY_ACTIVE_ARCH = YES;
				SDKROOT = iphoneos;
				TARGETED_DEVICE_FAMILY = "1,2";
			};
			name = Debug;
		};
		9B1DC1751940AEAC00D58A69 /* Release */ = {
			isa = XCBuildConfiguration;
			buildSettings = {
				ALWAYS_SEARCH_USER_PATHS = NO;
				CLANG_CXX_LANGUAGE_STANDARD = "gnu++0x";
				CLANG_CXX_LIBRARY = "libc++";
				CLANG_ENABLE_MODULES = YES;
				CLANG_ENABLE_OBJC_ARC = YES;
				CLANG_WARN_BOOL_CONVERSION = YES;
				CLANG_WARN_CONSTANT_CONVERSION = YES;
				CLANG_WARN_DIRECT_OBJC_ISA_USAGE = YES_ERROR;
				CLANG_WARN_EMPTY_BODY = YES;
				CLANG_WARN_ENUM_CONVERSION = YES;
				CLANG_WARN_INT_CONVERSION = YES;
				CLANG_WARN_OBJC_ROOT_CLASS = YES_ERROR;
				CLANG_WARN__DUPLICATE_METHOD_MATCH = YES;
				"CODE_SIGN_IDENTITY[sdk=iphoneos*]" = "iPhone Developer";
				COPY_PHASE_STRIP = YES;
				ENABLE_NS_ASSERTIONS = NO;
				GCC_C_LANGUAGE_STANDARD = gnu99;
				GCC_WARN_64_TO_32_BIT_CONVERSION = YES;
				GCC_WARN_ABOUT_RETURN_TYPE = YES_ERROR;
				GCC_WARN_UNDECLARED_SELECTOR = YES;
				GCC_WARN_UNINITIALIZED_AUTOS = YES_AGGRESSIVE;
				GCC_WARN_UNUSED_FUNCTION = YES;
				GCC_WARN_UNUSED_VARIABLE = YES;
				IPHONEOS_DEPLOYMENT_TARGET = 7.1;
				SDKROOT = iphoneos;
				TARGETED_DEVICE_FAMILY = "1,2";
				VALIDATE_PRODUCT = YES;
			};
			name = Release;
		};
		9B1DC1771940AEAC00D58A69 /* Debug */ = {
			isa = XCBuildConfiguration;
			baseConfigurationReference = E3E165C6AC8143ABB4B7251C /* Pods-basic-museum-ios.xcconfig */;
			buildSettings = {
				ASSETCATALOG_COMPILER_APPICON_NAME = AppIcon;
				ASSETCATALOG_COMPILER_LAUNCHIMAGE_NAME = LaunchImage;
				CODE_SIGN_IDENTITY = "iPhone Developer";
				"CODE_SIGN_IDENTITY[sdk=iphoneos*]" = "iPhone Developer";
				GCC_PRECOMPILE_PREFIX_HEADER = YES;
				GCC_PREFIX_HEADER = "basic-museum-ios/basic-museum-ios-Prefix.pch";
				INFOPLIST_FILE = "basic-museum-ios/basic-museum-ios-Info.plist";
				IPHONEOS_DEPLOYMENT_TARGET = 7.1;
				LIBRARY_SEARCH_PATHS = (
					"$(inherited)",
					"$(PROJECT_DIR)/EstimoteSDK",
				);
				PRODUCT_NAME = Lufthouse;
				PROVISIONING_PROFILE = "";
				TARGETED_DEVICE_FAMILY = 1;
				WRAPPER_EXTENSION = app;
			};
			name = Debug;
		};
		9B1DC1781940AEAC00D58A69 /* Release */ = {
			isa = XCBuildConfiguration;
			baseConfigurationReference = E3E165C6AC8143ABB4B7251C /* Pods-basic-museum-ios.xcconfig */;
			buildSettings = {
				ASSETCATALOG_COMPILER_APPICON_NAME = AppIcon;
				ASSETCATALOG_COMPILER_LAUNCHIMAGE_NAME = LaunchImage;
				CODE_SIGN_IDENTITY = "iPhone Developer";
				"CODE_SIGN_IDENTITY[sdk=iphoneos*]" = "iPhone Developer";
				GCC_PRECOMPILE_PREFIX_HEADER = YES;
				GCC_PREFIX_HEADER = "basic-museum-ios/basic-museum-ios-Prefix.pch";
				INFOPLIST_FILE = "basic-museum-ios/basic-museum-ios-Info.plist";
				IPHONEOS_DEPLOYMENT_TARGET = 7.1;
				LIBRARY_SEARCH_PATHS = (
					"$(inherited)",
					"$(PROJECT_DIR)/EstimoteSDK",
				);
				PRODUCT_NAME = Lufthouse;
				PROVISIONING_PROFILE = "";
				TARGETED_DEVICE_FAMILY = 1;
				WRAPPER_EXTENSION = app;
			};
			name = Release;
		};
		9B1DC17A1940AEAC00D58A69 /* Debug */ = {
			isa = XCBuildConfiguration;
			baseConfigurationReference = B55F448E64BC4EC99CC1537A /* Pods-basic-museum-iosTests.xcconfig */;
			buildSettings = {
				BUNDLE_LOADER = "$(BUILT_PRODUCTS_DIR)/basic-museum-ios.app/basic-museum-ios";
				FRAMEWORK_SEARCH_PATHS = (
					"$(SDKROOT)/Developer/Library/Frameworks",
					"$(inherited)",
					"$(DEVELOPER_FRAMEWORKS_DIR)",
				);
				GCC_PRECOMPILE_PREFIX_HEADER = YES;
				GCC_PREFIX_HEADER = "basic-museum-ios/basic-museum-ios-Prefix.pch";
				GCC_PREPROCESSOR_DEFINITIONS = (
					"DEBUG=1",
					"$(inherited)",
				);
				INFOPLIST_FILE = "basic-museum-iosTests/basic-museum-iosTests-Info.plist";
				PRODUCT_NAME = "$(TARGET_NAME)";
				TEST_HOST = "$(BUNDLE_LOADER)";
				WRAPPER_EXTENSION = xctest;
			};
			name = Debug;
		};
		9B1DC17B1940AEAC00D58A69 /* Release */ = {
			isa = XCBuildConfiguration;
			baseConfigurationReference = B55F448E64BC4EC99CC1537A /* Pods-basic-museum-iosTests.xcconfig */;
			buildSettings = {
				BUNDLE_LOADER = "$(BUILT_PRODUCTS_DIR)/basic-museum-ios.app/basic-museum-ios";
				FRAMEWORK_SEARCH_PATHS = (
					"$(SDKROOT)/Developer/Library/Frameworks",
					"$(inherited)",
					"$(DEVELOPER_FRAMEWORKS_DIR)",
				);
				GCC_PRECOMPILE_PREFIX_HEADER = YES;
				GCC_PREFIX_HEADER = "basic-museum-ios/basic-museum-ios-Prefix.pch";
				INFOPLIST_FILE = "basic-museum-iosTests/basic-museum-iosTests-Info.plist";
				PRODUCT_NAME = "$(TARGET_NAME)";
				TEST_HOST = "$(BUNDLE_LOADER)";
				WRAPPER_EXTENSION = xctest;
			};
			name = Release;
		};
/* End XCBuildConfiguration section */

/* Begin XCConfigurationList section */
		9B1DC13C1940AEAB00D58A69 /* Build configuration list for PBXProject "basic-museum-ios" */ = {
			isa = XCConfigurationList;
			buildConfigurations = (
				9B1DC1741940AEAC00D58A69 /* Debug */,
				9B1DC1751940AEAC00D58A69 /* Release */,
			);
			defaultConfigurationIsVisible = 0;
			defaultConfigurationName = Release;
		};
		9B1DC1761940AEAC00D58A69 /* Build configuration list for PBXNativeTarget "basic-museum-ios" */ = {
			isa = XCConfigurationList;
			buildConfigurations = (
				9B1DC1771940AEAC00D58A69 /* Debug */,
				9B1DC1781940AEAC00D58A69 /* Release */,
			);
			defaultConfigurationIsVisible = 0;
			defaultConfigurationName = Release;
		};
		9B1DC1791940AEAC00D58A69 /* Build configuration list for PBXNativeTarget "basic-museum-iosTests" */ = {
			isa = XCConfigurationList;
			buildConfigurations = (
				9B1DC17A1940AEAC00D58A69 /* Debug */,
				9B1DC17B1940AEAC00D58A69 /* Release */,
			);
			defaultConfigurationIsVisible = 0;
			defaultConfigurationName = Release;
		};
/* End XCConfigurationList section */
	};
	rootObject = 9B1DC1391940AEAB00D58A69 /* Project object */;
}
